
Microsoft Visual Studio Solution File, Format Version 12.00
# Visual Studio Version 16
VisualStudioVersion = 16.0.36631.11
MinimumVisualStudioVersion = 10.0.40219.1
Project("{FAE04EC0-301F-11D3-BF4B-00C04F79EFBC}") = "Prac_1_Novikova_A_A_BPI_24_01", "Prac_1_Novikova_A_A_BPI_24_01.csproj", "{930CEF90-5F32-4DB2-9E02-16D54D899DF8}"
EndProject
Global
	GlobalSection(SolutionConfigurationPlatforms) = preSolution
		Debug|Any CPU = Debug|Any CPU
		Release|Any CPU = Release|Any CPU
	EndGlobalSection
	GlobalSection(ProjectConfigurationPlatforms) = postSolution
		{930CEF90-5F32-4DB2-9E02-16D54D899DF8}.Debug|Any CPU.ActiveCfg = Debug|Any CPU
		{930CEF90-5F32-4DB2-9E02-16D54D899DF8}.Debug|Any CPU.Build.0 = Debug|Any CPU
		{930CEF90-5F32-4DB2-9E02-16D54D899DF8}.Release|Any CPU.ActiveCfg = Release|Any CPU
		{930CEF90-5F32-4DB2-9E02-16D54D899DF8}.Release|Any CPU.Build.0 = Release|Any CPU
	EndGlobalSection
	GlobalSection(SolutionProperties) = preSolution
		HideSolutionNode = FALSE
	EndGlobalSection
	GlobalSection(ExtensibilityGlobals) = postSolution
		SolutionGuid = {497BD179-CB13-4112-BCEE-B6488AE202E2}
	EndGlobalSection
EndGlobal
